// !$*UTF8*$!
{
	archiveVersion = 1;
	classes = {
	};
	objectVersion = 54;
	objects = {

/* Begin PBXBuildFile section */
		13B07FBF1A68108700A75B9A /* Images.xcassets in Resources */ = {isa = PBXBuildFile; fileRef = 13B07FB51A68108700A75B9A /* Images.xcassets */; };
		AA2000000000001A /* EarRingApp.swift in Sources */ = {isa = PBXBuildFile; fileRef = AA1000000000001A /* EarRingApp.swift */; };
		AA2000000000002A /* EarRingCore.swift in Sources */ = {isa = PBXBuildFile; fileRef = AA1000000000002A /* EarRingCore.swift */; };
		AA2000000000003A /* AudioCapture.swift in Sources */ = {isa = PBXBuildFile; fileRef = AA1000000000003A /* AudioCapture.swift */; };
		AA2000000000004A /* AudioPlayback.swift in Sources */ = {isa = PBXBuildFile; fileRef = AA1000000000004A /* AudioPlayback.swift */; };
		AA2000000000005A /* MusicTheory.swift in Sources */ = {isa = PBXBuildFile; fileRef = AA1000000000005A /* MusicTheory.swift */; };
		AA2000000000006A /* ExerciseModel.swift in Sources */ = {isa = PBXBuildFile; fileRef = AA1000000000006A /* ExerciseModel.swift */; };
		AA2000000000007A /* ProgressModel.swift in Sources */ = {isa = PBXBuildFile; fileRef = AA1000000000007A /* ProgressModel.swift */; };
		AA2000000000008A /* ContentView.swift in Sources */ = {isa = PBXBuildFile; fileRef = AA1000000000008A /* ContentView.swift */; };
		AA2000000000009A /* HomeView.swift in Sources */ = {isa = PBXBuildFile; fileRef = AA1000000000009A /* HomeView.swift */; };
		AA200000000000AA /* ExerciseView.swift in Sources */ = {isa = PBXBuildFile; fileRef = AA100000000000AA /* ExerciseView.swift */; };
		AA200000000000BA /* SetupView.swift in Sources */ = {isa = PBXBuildFile; fileRef = AA100000000000BA /* SetupView.swift */; };
		AA200000000000CA /* ResultsView.swift in Sources */ = {isa = PBXBuildFile; fileRef = AA100000000000CA /* ResultsView.swift */; };
		AA200000000000DA /* ProgressScreen.swift in Sources */ = {isa = PBXBuildFile; fileRef = AA100000000000DA /* ProgressScreen.swift */; };
		AA200000000000EA /* MusicStaffView.swift in Sources */ = {isa = PBXBuildFile; fileRef = AA100000000000EA /* MusicStaffView.swift */; };
		AA200000000000FA /* PitchMeterView.swift in Sources */ = {isa = PBXBuildFile; fileRef = AA100000000000FA /* PitchMeterView.swift */; };
		B5EF2949546CBF9135D51680 /* PianoRangePickerView.swift in Sources */ = {isa = PBXBuildFile; fileRef = 928562E53D2D807A5FEED52B /* PianoRangePickerView.swift */; };
		F11748422D0307B40044C1D9 /* AppDelegate.swift in Sources */ = {isa = PBXBuildFile; fileRef = F11748412D0307B40044C1D9 /* AppDelegate.swift */; };
/* End PBXBuildFile section */

/* Begin PBXFileReference section */
		13B07F961A680F5B00A75B9A /* earring.app */ = {isa = PBXFileReference; explicitFileType = wrapper.application; includeInIndex = 0; path = earring.app; sourceTree = BUILT_PRODUCTS_DIR; };
		13B07FB51A68108700A75B9A /* Images.xcassets */ = {isa = PBXFileReference; lastKnownFileType = folder.assetcatalog; name = Images.xcassets; path = earring/Images.xcassets; sourceTree = "<group>"; };
		13B07FB61A68108700A75B9A /* Info.plist */ = {isa = PBXFileReference; fileEncoding = 4; lastKnownFileType = text.plist.xml; name = Info.plist; path = earring/Info.plist; sourceTree = "<group>"; };
		928562E53D2D807A5FEED52B /* PianoRangePickerView.swift */ = {isa = PBXFileReference; includeInIndex = 1; lastKnownFileType = sourcecode.swift; path = PianoRangePickerView.swift; sourceTree = "<group>"; };
		AA1000000000001A /* EarRingApp.swift */ = {isa = PBXFileReference; lastKnownFileType = sourcecode.swift; name = EarRingApp.swift; path = earring/EarRingApp.swift; sourceTree = "<group>"; };
		AA1000000000002A /* EarRingCore.swift */ = {isa = PBXFileReference; lastKnownFileType = sourcecode.swift; name = EarRingCore.swift; path = earring/EarRingCore.swift; sourceTree = "<group>"; };
		AA1000000000003A /* AudioCapture.swift */ = {isa = PBXFileReference; lastKnownFileType = sourcecode.swift; name = AudioCapture.swift; path = earring/AudioCapture.swift; sourceTree = "<group>"; };
		AA1000000000004A /* AudioPlayback.swift */ = {isa = PBXFileReference; lastKnownFileType = sourcecode.swift; name = AudioPlayback.swift; path = earring/AudioPlayback.swift; sourceTree = "<group>"; };
		AA1000000000005A /* MusicTheory.swift */ = {isa = PBXFileReference; lastKnownFileType = sourcecode.swift; name = MusicTheory.swift; path = earring/MusicTheory.swift; sourceTree = "<group>"; };
		AA1000000000006A /* ExerciseModel.swift */ = {isa = PBXFileReference; lastKnownFileType = sourcecode.swift; name = ExerciseModel.swift; path = earring/ExerciseModel.swift; sourceTree = "<group>"; };
		AA1000000000007A /* ProgressModel.swift */ = {isa = PBXFileReference; lastKnownFileType = sourcecode.swift; name = ProgressModel.swift; path = earring/ProgressModel.swift; sourceTree = "<group>"; };
		AA1000000000008A /* ContentView.swift */ = {isa = PBXFileReference; lastKnownFileType = sourcecode.swift; name = ContentView.swift; path = earring/ContentView.swift; sourceTree = "<group>"; };
		AA1000000000009A /* HomeView.swift */ = {isa = PBXFileReference; lastKnownFileType = sourcecode.swift; path = HomeView.swift; sourceTree = "<group>"; };
		AA100000000000AA /* ExerciseView.swift */ = {isa = PBXFileReference; lastKnownFileType = sourcecode.swift; path = ExerciseView.swift; sourceTree = "<group>"; };
		AA100000000000BA /* SetupView.swift */ = {isa = PBXFileReference; lastKnownFileType = sourcecode.swift; path = SetupView.swift; sourceTree = "<group>"; };
		AA100000000000CA /* ResultsView.swift */ = {isa = PBXFileReference; lastKnownFileType = sourcecode.swift; path = ResultsView.swift; sourceTree = "<group>"; };
		AA100000000000DA /* ProgressScreen.swift */ = {isa = PBXFileReference; lastKnownFileType = sourcecode.swift; path = ProgressScreen.swift; sourceTree = "<group>"; };
		AA100000000000EA /* MusicStaffView.swift */ = {isa = PBXFileReference; lastKnownFileType = sourcecode.swift; path = MusicStaffView.swift; sourceTree = "<group>"; };
		AA100000000000FA /* PitchMeterView.swift */ = {isa = PBXFileReference; lastKnownFileType = sourcecode.swift; path = PitchMeterView.swift; sourceTree = "<group>"; };
		F11748412D0307B40044C1D9 /* AppDelegate.swift */ = {isa = PBXFileReference; lastKnownFileType = sourcecode.swift; name = AppDelegate.swift; path = earring/AppDelegate.swift; sourceTree = "<group>"; };
		F11748442D0722820044C1D9 /* earring-Bridging-Header.h */ = {isa = PBXFileReference; lastKnownFileType = sourcecode.c.h; name = "earring-Bridging-Header.h"; path = "earring/earring-Bridging-Header.h"; sourceTree = "<group>"; };
/* End PBXFileReference section */

/* Begin PBXFrameworksBuildPhase section */
		13B07F8C1A680F5B00A75B9A /* Frameworks */ = {
			isa = PBXFrameworksBuildPhase;
			buildActionMask = 2147483647;
			files = (
			);
			runOnlyForDeploymentPostprocessing = 0;
		};
/* End PBXFrameworksBuildPhase section */

/* Begin PBXGroup section */
		13B07FAE1A68108700A75B9A /* earring */ = {
			isa = PBXGroup;
			children = (
				F11748412D0307B40044C1D9 /* AppDelegate.swift */,
				AA1000000000001A /* EarRingApp.swift */,
				AA1000000000002A /* EarRingCore.swift */,
				AA1000000000003A /* AudioCapture.swift */,
				AA1000000000004A /* AudioPlayback.swift */,
				AA1000000000005A /* MusicTheory.swift */,
				AA1000000000006A /* ExerciseModel.swift */,
				AA1000000000007A /* ProgressModel.swift */,
				AA1000000000008A /* ContentView.swift */,
				AA3000000000001A /* views */,
				F11748442D0722820044C1D9 /* earring-Bridging-Header.h */,
				13B07FB51A68108700A75B9A /* Images.xcassets */,
				13B07FB61A68108700A75B9A /* Info.plist */,
			);
			name = earring;
			sourceTree = "<group>";
		};
		832341AE1AAA6A7D00B99B32 /* Libraries */ = {
			isa = PBXGroup;
			children = (
			);
			name = Libraries;
			sourceTree = "<group>";
		};
		83CBB9F61A601CBA00E9B192 = {
			isa = PBXGroup;
			children = (
				13B07FAE1A68108700A75B9A /* earring */,
				832341AE1AAA6A7D00B99B32 /* Libraries */,
				83CBBA001A601CBA00E9B192 /* Products */,
			);
			indentWidth = 2;
			sourceTree = "<group>";
			tabWidth = 2;
			usesTabs = 0;
		};
		83CBBA001A601CBA00E9B192 /* Products */ = {
			isa = PBXGroup;
			children = (
				13B07F961A680F5B00A75B9A /* earring.app */,
			);
			name = Products;
			sourceTree = "<group>";
		};
		AA3000000000001A /* views */ = {
			isa = PBXGroup;
			children = (
				AA1000000000009A /* HomeView.swift */,
				AA100000000000AA /* ExerciseView.swift */,
				AA100000000000BA /* SetupView.swift */,
				AA100000000000CA /* ResultsView.swift */,
				AA100000000000DA /* ProgressScreen.swift */,
				AA100000000000EA /* MusicStaffView.swift */,
				AA100000000000FA /* PitchMeterView.swift */,
				928562E53D2D807A5FEED52B /* PianoRangePickerView.swift */,
			);
			name = views;
			path = earring/views;
			sourceTree = "<group>";
		};
/* End PBXGroup section */

/* Begin PBXNativeTarget section */
		13B07F861A680F5B00A75B9A /* earring */ = {
			isa = PBXNativeTarget;
			buildConfigurationList = 13B07F931A680F5B00A75B9A /* Build configuration list for PBXNativeTarget "earring" */;
			buildPhases = (
				AA4000000000001A /* Build Rust Core */,
				13B07F871A680F5B00A75B9A /* Sources */,
				13B07F8C1A680F5B00A75B9A /* Frameworks */,
				13B07F8E1A680F5B00A75B9A /* Resources */,
			);
			buildRules = (
			);
			dependencies = (
			);
			name = earring;
			productName = earring;
			productReference = 13B07F961A680F5B00A75B9A /* earring.app */;
			productType = "com.apple.product-type.application";
		};
/* End PBXNativeTarget section */

/* Begin PBXProject section */
		83CBB9F71A601CBA00E9B192 /* Project object */ = {
			isa = PBXProject;
			attributes = {
				LastUpgradeCheck = 1130;
				TargetAttributes = {
					13B07F861A680F5B00A75B9A = {
						LastSwiftMigration = 1250;
					};
				};
			};
			buildConfigurationList = 83CBB9FA1A601CBA00E9B192 /* Build configuration list for PBXProject "earring" */;
			compatibilityVersion = "Xcode 3.2";
			developmentRegion = en;
			hasScannedForEncodings = 0;
			knownRegions = (
				en,
				Base,
			);
			mainGroup = 83CBB9F61A601CBA00E9B192;
			productRefGroup = 83CBBA001A601CBA00E9B192 /* Products */;
			projectDirPath = "";
			projectRoot = "";
			targets = (
				13B07F861A680F5B00A75B9A /* earring */,
			);
		};
/* End PBXProject section */

/* Begin PBXResourcesBuildPhase section */
		13B07F8E1A680F5B00A75B9A /* Resources */ = {
			isa = PBXResourcesBuildPhase;
			buildActionMask = 2147483647;
			files = (
				13B07FBF1A68108700A75B9A /* Images.xcassets in Resources */,
			);
			runOnlyForDeploymentPostprocessing = 0;
		};
/* End PBXResourcesBuildPhase section */

/* Begin PBXShellScriptBuildPhase section */
		AA4000000000001A /* Build Rust Core */ = {
			isa = PBXShellScriptBuildPhase;
			alwaysOutOfDate = 1;
			buildActionMask = 2147483647;
			files = (
			);
			inputFileListPaths = (
			);
			inputPaths = (
				"$(SRCROOT)/../Cargo.toml",
				"$(SRCROOT)/../Cargo.lock",
			);
			name = "Build Rust Core";
			outputFileListPaths = (
			);
			outputPaths = (
				"$(PROJECT_DIR)/build/generated/rust/$(CONFIGURATION)$(EFFECTIVE_PLATFORM_NAME)/libear_ring_core.a",
			);
			runOnlyForDeploymentPostprocessing = 0;
			shellPath = /bin/sh;
			shellScript = "/bin/sh \"$PROJECT_DIR/build-rust.sh\"\n";
		};
/* End PBXShellScriptBuildPhase section */

/* Begin PBXSourcesBuildPhase section */
		13B07F871A680F5B00A75B9A /* Sources */ = {
			isa = PBXSourcesBuildPhase;
			buildActionMask = 2147483647;
			files = (
				F11748422D0307B40044C1D9 /* AppDelegate.swift in Sources */,
				AA2000000000001A /* EarRingApp.swift in Sources */,
				AA2000000000002A /* EarRingCore.swift in Sources */,
				AA2000000000003A /* AudioCapture.swift in Sources */,
				AA2000000000004A /* AudioPlayback.swift in Sources */,
				AA2000000000005A /* MusicTheory.swift in Sources */,
				AA2000000000006A /* ExerciseModel.swift in Sources */,
				AA2000000000007A /* ProgressModel.swift in Sources */,
				AA2000000000008A /* ContentView.swift in Sources */,
				AA2000000000009A /* HomeView.swift in Sources */,
				AA200000000000AA /* ExerciseView.swift in Sources */,
				AA200000000000BA /* SetupView.swift in Sources */,
				AA200000000000CA /* ResultsView.swift in Sources */,
				AA200000000000DA /* ProgressScreen.swift in Sources */,
				AA200000000000EA /* MusicStaffView.swift in Sources */,
				AA200000000000FA /* PitchMeterView.swift in Sources */,
				B5EF2949546CBF9135D51680 /* PianoRangePickerView.swift in Sources */,
			);
			runOnlyForDeploymentPostprocessing = 0;
		};
/* End PBXSourcesBuildPhase section */

/* Begin XCBuildConfiguration section */
		13B07F941A680F5B00A75B9A /* Debug */ = {
			isa = XCBuildConfiguration;
			buildSettings = {
				ASSETCATALOG_COMPILER_APPICON_NAME = AppIcon;
				CLANG_ENABLE_MODULES = YES;
				CURRENT_PROJECT_VERSION = 1;
				DEVELOPMENT_TEAM = 9A4PVL859F;
				ENABLE_BITCODE = NO;
				GCC_PREPROCESSOR_DEFINITIONS = (
					"$(inherited)",
					"FB_SONARKIT_ENABLED=1",
				);
				INFOPLIST_FILE = earring/Info.plist;
				IPHONEOS_DEPLOYMENT_TARGET = 16.0;
				LD_RUNPATH_SEARCH_PATHS = (
					"$(inherited)",
					"@executable_path/Frameworks",
				);
				LIBRARY_SEARCH_PATHS = (
					"$(inherited)",
					"$(PROJECT_DIR)/build/generated/rust/$(CONFIGURATION)$(EFFECTIVE_PLATFORM_NAME)",
				);
				MARKETING_VERSION = 1.0;
				OTHER_LDFLAGS = (
					"$(inherited)",
					"-ObjC",
					"-lc++",
					"-lear_ring_core",
				);
				PRODUCT_BUNDLE_IDENTIFIER = org.name.earring;
				PRODUCT_NAME = earring;
				SWIFT_OBJC_BRIDGING_HEADER = "earring/earring-Bridging-Header.h";
				SWIFT_OPTIMIZATION_LEVEL = "-Onone";
				SWIFT_VERSION = 5.0;
				TARGETED_DEVICE_FAMILY = 1;
				VERSIONING_SYSTEM = "apple-generic";
			};
			name = Debug;
		};
		13B07F951A680F5B00A75B9A /* Release */ = {
			isa = XCBuildConfiguration;
			buildSettings = {
				ASSETCATALOG_COMPILER_APPICON_NAME = AppIcon;
				CLANG_ENABLE_MODULES = YES;
				CURRENT_PROJECT_VERSION = 1;
				DEVELOPMENT_TEAM = 9A4PVL859F;
				INFOPLIST_FILE = earring/Info.plist;
				IPHONEOS_DEPLOYMENT_TARGET = 16.0;
				LD_RUNPATH_SEARCH_PATHS = (
					"$(inherited)",
					"@executable_path/Frameworks",
				);
				LIBRARY_SEARCH_PATHS = (
					"$(inherited)",
					"$(PROJECT_DIR)/build/generated/rust/$(CONFIGURATION)$(EFFECTIVE_PLATFORM_NAME)",
				);
				MARKETING_VERSION = 1.0;
				OTHER_LDFLAGS = (
					"$(inherited)",
					"-ObjC",
					"-lc++",
					"-lear_ring_core",
				);
				PRODUCT_BUNDLE_IDENTIFIER = org.name.earring;
				PRODUCT_NAME = earring;
				SWIFT_OBJC_BRIDGING_HEADER = "earring/earring-Bridging-Header.h";
				SWIFT_VERSION = 5.0;
				TARGETED_DEVICE_FAMILY = 1;
				VERSIONING_SYSTEM = "apple-generic";
			};
			name = Release;
		};
		83CBBA201A601CBA00E9B192 /* Debug */ = {
			isa = XCBuildConfiguration;
			buildSettings = {
				ALWAYS_SEARCH_USER_PATHS = NO;
				CLANG_ANALYZER_LOCALIZABILITY_NONLOCALIZED = YES;
				CLANG_CXX_LANGUAGE_STANDARD = "c++20";
				CLANG_CXX_LIBRARY = "libc++";
				CLANG_ENABLE_MODULES = YES;
				CLANG_ENABLE_OBJC_ARC = YES;
				CLANG_WARN_BLOCK_CAPTURE_AUTORELEASING = YES;
				CLANG_WARN_BOOL_CONVERSION = YES;
				CLANG_WARN_COMMA = YES;
				CLANG_WARN_CONSTANT_CONVERSION = YES;
				CLANG_WARN_DEPRECATED_OBJC_IMPLEMENTATIONS = YES;
				CLANG_WARN_DIRECT_OBJC_ISA_USAGE = YES_ERROR;
				CLANG_WARN_EMPTY_BODY = YES;
				CLANG_WARN_ENUM_CONVERSION = YES;
				CLANG_WARN_INFINITE_RECURSION = YES;
				CLANG_WARN_INT_CONVERSION = YES;
				CLANG_WARN_NON_LITERAL_NULL_CONVERSION = YES;
				CLANG_WARN_OBJC_IMPLICIT_RETAIN_SELF = YES;
				CLANG_WARN_OBJC_LITERAL_CONVERSION = YES;
				CLANG_WARN_OBJC_ROOT_CLASS = YES_ERROR;
				CLANG_WARN_RANGE_LOOP_ANALYSIS = YES;
				CLANG_WARN_STRICT_PROTOTYPES = YES;
				CLANG_WARN_SUSPICIOUS_MOVE = YES;
				CLANG_WARN_UNREACHABLE_CODE = YES;
				CLANG_WARN__DUPLICATE_METHOD_MATCH = YES;
				"CODE_SIGN_IDENTITY[sdk=iphoneos*]" = "iPhone Developer";
				COPY_PHASE_STRIP = NO;
				ENABLE_STRICT_OBJC_MSGSEND = YES;
				ENABLE_TESTABILITY = YES;
				GCC_C_LANGUAGE_STANDARD = gnu99;
				GCC_DYNAMIC_NO_PIC = NO;
				GCC_NO_COMMON_BLOCKS = YES;
				GCC_OPTIMIZATION_LEVEL = 0;
				GCC_PREPROCESSOR_DEFINITIONS = (
					"DEBUG=1",
					"$(inherited)",
				);
				GCC_SYMBOLS_PRIVATE_EXTERN = NO;
				GCC_WARN_64_TO_32_BIT_CONVERSION = YES;
				GCC_WARN_ABOUT_RETURN_TYPE = YES_ERROR;
				GCC_WARN_UNDECLARED_SELECTOR = YES;
				GCC_WARN_UNINITIALIZED_AUTOS = YES_AGGRESSIVE;
				GCC_WARN_UNUSED_FUNCTION = YES;
				GCC_WARN_UNUSED_VARIABLE = YES;
				IPHONEOS_DEPLOYMENT_TARGET = 16.0;
				LD_RUNPATH_SEARCH_PATHS = (
					/usr/lib/swift,
					"$(inherited)",
				);
				LIBRARY_SEARCH_PATHS = "\"$(inherited)\"";
				MTL_ENABLE_DEBUG_INFO = YES;
				ONLY_ACTIVE_ARCH = YES;
				SDKROOT = iphoneos;
			};
			name = Debug;
		};
		83CBBA211A601CBA00E9B192 /* Release */ = {
			isa = XCBuildConfiguration;
			buildSettings = {
				ALWAYS_SEARCH_USER_PATHS = NO;
				CLANG_ANALYZER_LOCALIZABILITY_NONLOCALIZED = YES;
				CLANG_CXX_LANGUAGE_STANDARD = "c++20";
				CLANG_CXX_LIBRARY = "libc++";
				CLANG_ENABLE_MODULES = YES;
				CLANG_ENABLE_OBJC_ARC = YES;
				CLANG_WARN_BLOCK_CAPTURE_AUTORELEASING = YES;
				CLANG_WARN_BOOL_CONVERSION = YES;
				CLANG_WARN_COMMA = YES;
				CLANG_WARN_CONSTANT_CONVERSION = YES;
				CLANG_WARN_DEPRECATED_OBJC_IMPLEMENTATIONS = YES;
				CLANG_WARN_DIRECT_OBJC_ISA_USAGE = YES_ERROR;
				CLANG_WARN_EMPTY_BODY = YES;
				CLANG_WARN_ENUM_CONVERSION = YES;
				CLANG_WARN_INFINITE_RECURSION = YES;
				CLANG_WARN_INT_CONVERSION = YES;
				CLANG_WARN_NON_LITERAL_NULL_CONVERSION = YES;
				CLANG_WARN_OBJC_IMPLICIT_RETAIN_SELF = YES;
				CLANG_WARN_OBJC_LITERAL_CONVERSION = YES;
				CLANG_WARN_OBJC_ROOT_CLASS = YES_ERROR;
				CLANG_WARN_RANGE_LOOP_ANALYSIS = YES;
				CLANG_WARN_STRICT_PROTOTYPES = YES;
				CLANG_WARN_SUSPICIOUS_MOVE = YES;
				CLANG_WARN_UNREACHABLE_CODE = YES;
				CLANG_WARN__DUPLICATE_METHOD_MATCH = YES;
				"CODE_SIGN_IDENTITY[sdk=iphoneos*]" = "iPhone Developer";
				COPY_PHASE_STRIP = YES;
				ENABLE_NS_ASSERTIONS = NO;
				ENABLE_STRICT_OBJC_MSGSEND = YES;
				GCC_C_LANGUAGE_STANDARD = gnu99;
				GCC_NO_COMMON_BLOCKS = YES;
				GCC_WARN_64_TO_32_BIT_CONVERSION = YES;
				GCC_WARN_ABOUT_RETURN_TYPE = YES_ERROR;
				GCC_WARN_UNDECLARED_SELECTOR = YES;
				GCC_WARN_UNINITIALIZED_AUTOS = YES_AGGRESSIVE;
				GCC_WARN_UNUSED_FUNCTION = YES;
				GCC_WARN_UNUSED_VARIABLE = YES;
				IPHONEOS_DEPLOYMENT_TARGET = 16.0;
				LD_RUNPATH_SEARCH_PATHS = (
					/usr/lib/swift,
					"$(inherited)",
				);
				LIBRARY_SEARCH_PATHS = "\"$(inherited)\"";
				MTL_ENABLE_DEBUG_INFO = NO;
				SDKROOT = iphoneos;
				VALIDATE_PRODUCT = YES;
			};
			name = Release;
		};
/* End XCBuildConfiguration section */

/* Begin XCConfigurationList section */
		13B07F931A680F5B00A75B9A /* Build configuration list for PBXNativeTarget "earring" */ = {
			isa = XCConfigurationList;
			buildConfigurations = (
				13B07F941A680F5B00A75B9A /* Debug */,
				13B07F951A680F5B00A75B9A /* Release */,
			);
			defaultConfigurationIsVisible = 0;
			defaultConfigurationName = Release;
		};
		83CBB9FA1A601CBA00E9B192 /* Build configuration list for PBXProject "earring" */ = {
			isa = XCConfigurationList;
			buildConfigurations = (
				83CBBA201A601CBA00E9B192 /* Debug */,
				83CBBA211A601CBA00E9B192 /* Release */,
			);
			defaultConfigurationIsVisible = 0;
			defaultConfigurationName = Release;
		};
/* End XCConfigurationList section */
	};
	rootObject = 83CBB9F71A601CBA00E9B192 /* Project object */;
}
